# THIS IS AN AUTOGENERATED FILE. DO NOT EDIT THIS FILE DIRECTLY.
# yarn lockfile v1


"@prettier/plugin-ruby@^4.0.3":
  version "4.0.3"
  resolved "https://registry.yarnpkg.com/@prettier/plugin-ruby/-/plugin-ruby-4.0.3.tgz#5d916bd25a9c107b71782ede5383154233f30999"
  integrity sha512-SrPEjTqqsCoDBJ3UlReLnKZFqE76o4TBOlsIwRCnqPiO7O3kvy8k5ETG0IiGcNf9wqXLSCRzZXsK4+0cb26SQQ==

prettier@^3.1.0:
  version "3.1.0"
  resolved "https://registry.yarnpkg.com/prettier/-/prettier-3.1.0.tgz#c6d16474a5f764ea1a4a373c593b779697744d5e"
  integrity sha512-TQLvXjq5IAibjh8EpBIkNKxO749UEWABoiIZehEPiY4GNpVdhaFKqSTu+QrlU6D2dPAfubRmtJTi4K4YkQ5eXw==
